// !$*UTF8*$!
{
	archiveVersion = 1;
	classes = {
	};
	objectVersion = 46;
	objects = {

/* Begin PBXBuildFile section */
		900754181999629400AA6C74 /* Foundation.framework in Frameworks */ = {isa = PBXBuildFile; fileRef = 900754171999629400AA6C74 /* Foundation.framework */; };
		9007541A1999629400AA6C74 /* CoreGraphics.framework in Frameworks */ = {isa = PBXBuildFile; fileRef = 900754191999629400AA6C74 /* CoreGraphics.framework */; };
		9007541C1999629400AA6C74 /* UIKit.framework in Frameworks */ = {isa = PBXBuildFile; fileRef = 9007541B1999629400AA6C74 /* UIKit.framework */; };
		900754221999629400AA6C74 /* InfoPlist.strings in Resources */ = {isa = PBXBuildFile; fileRef = 900754201999629400AA6C74 /* InfoPlist.strings */; };
		900754241999629400AA6C74 /* main.m in Sources */ = {isa = PBXBuildFile; fileRef = 900754231999629400AA6C74 /* main.m */; };
		900754281999629400AA6C74 /* RGAppDelegate.m in Sources */ = {isa = PBXBuildFile; fileRef = 900754271999629400AA6C74 /* RGAppDelegate.m */; };
		9007542B1999629400AA6C74 /* Main.storyboard in Resources */ = {isa = PBXBuildFile; fileRef = 900754291999629400AA6C74 /* Main.storyboard */; };
		900754371999629400AA6C74 /* XCTest.framework in Frameworks */ = {isa = PBXBuildFile; fileRef = 900754361999629400AA6C74 /* XCTest.framework */; };
		900754381999629400AA6C74 /* Foundation.framework in Frameworks */ = {isa = PBXBuildFile; fileRef = 900754171999629400AA6C74 /* Foundation.framework */; };
		900754391999629400AA6C74 /* UIKit.framework in Frameworks */ = {isa = PBXBuildFile; fileRef = 9007541B1999629400AA6C74 /* UIKit.framework */; };
		900754411999629400AA6C74 /* InfoPlist.strings in Resources */ = {isa = PBXBuildFile; fileRef = 9007543F1999629400AA6C74 /* InfoPlist.strings */; };
		900754431999629400AA6C74 /* RoadGuideTests.m in Sources */ = {isa = PBXBuildFile; fileRef = 900754421999629400AA6C74 /* RoadGuideTests.m */; };
		900754511999656A00AA6C74 /* Default-568h@2x.png in Resources */ = {isa = PBXBuildFile; fileRef = 9007544F1999656A00AA6C74 /* Default-568h@2x.png */; };
		900754521999656A00AA6C74 /* Default@2x.png in Resources */ = {isa = PBXBuildFile; fileRef = 900754501999656A00AA6C74 /* Default@2x.png */; };
		90075456199966B200AA6C74 /* Icon-60@2x.png in Resources */ = {isa = PBXBuildFile; fileRef = 90075453199966B200AA6C74 /* Icon-60@2x.png */; };
		90075457199966B200AA6C74 /* iTunesArtwork in Resources */ = {isa = PBXBuildFile; fileRef = 90075454199966B200AA6C74 /* iTunesArtwork */; };
		90075458199966B200AA6C74 /* iTunesArtwork@2x in Resources */ = {isa = PBXBuildFile; fileRef = 90075455199966B200AA6C74 /* iTunesArtwork@2x */; };
		9007545B1999677B00AA6C74 /* Icon-40@2x.png in Resources */ = {isa = PBXBuildFile; fileRef = 900754591999677A00AA6C74 /* Icon-40@2x.png */; };
		9007545C1999677B00AA6C74 /* Icon-Small@2x.png in Resources */ = {isa = PBXBuildFile; fileRef = 9007545A1999677B00AA6C74 /* Icon-Small@2x.png */; };
		908CF6FF199B670500B2CD54 /* RGSplashScreenViewController.m in Sources */ = {isa = PBXBuildFile; fileRef = 908CF6FE199B670500B2CD54 /* RGSplashScreenViewController.m */; };
		908CF705199B851200B2CD54 /* RGLanguage.m in Sources */ = {isa = PBXBuildFile; fileRef = 908CF704199B851200B2CD54 /* RGLanguage.m */; };
		908CF709199B8B9600B2CD54 /* NSDictionary+Localized.m in Sources */ = {isa = PBXBuildFile; fileRef = 908CF708199B8B9600B2CD54 /* NSDictionary+Localized.m */; };
		908CF70D199B91F900B2CD54 /* RGRouteListViewController.m in Sources */ = {isa = PBXBuildFile; fileRef = 908CF70C199B91F900B2CD54 /* RGRouteListViewController.m */; };
		908CF711199B958900B2CD54 /* StandardPaths.m in Sources */ = {isa = PBXBuildFile; fileRef = 908CF710199B958900B2CD54 /* StandardPaths.m */; };
		908CF715199B971000B2CD54 /* routeList_background-568h@2x.png in Resources */ = {isa = PBXBuildFile; fileRef = 908CF713199B971000B2CD54 /* routeList_background-568h@2x.png */; };
		908CF716199B971000B2CD54 /* routeList_background@2x.png in Resources */ = {isa = PBXBuildFile; fileRef = 908CF714199B971000B2CD54 /* routeList_background@2x.png */; };
		908CF71A199B98A600B2CD54 /* routeList_flag_en@2x.png in Resources */ = {isa = PBXBuildFile; fileRef = 908CF717199B98A600B2CD54 /* routeList_flag_en@2x.png */; };
		908CF71B199B98A600B2CD54 /* routeList_flag_ru@2x.png in Resources */ = {isa = PBXBuildFile; fileRef = 908CF718199B98A600B2CD54 /* routeList_flag_ru@2x.png */; };
		908CF71C199B98A600B2CD54 /* routeList_flag_ua@2x.png in Resources */ = {isa = PBXBuildFile; fileRef = 908CF719199B98A600B2CD54 /* routeList_flag_ua@2x.png */; };
		908CF721199BAA7300B2CD54 /* RGRouteListCell.m in Sources */ = {isa = PBXBuildFile; fileRef = 908CF720199BAA7300B2CD54 /* RGRouteListCell.m */; };
		908CF725199BC25E00B2CD54 /* ColorUtils.m in Sources */ = {isa = PBXBuildFile; fileRef = 908CF724199BC25E00B2CD54 /* ColorUtils.m */; };
		908CF728199BC5BE00B2CD54 /* Localizable.strings in Resources */ = {isa = PBXBuildFile; fileRef = 908CF72A199BC5BE00B2CD54 /* Localizable.strings */; };
		908CF735199BD66300B2CD54 /* RGButton.m in Sources */ = {isa = PBXBuildFile; fileRef = 908CF734199BD66300B2CD54 /* RGButton.m */; };
		908CF739199BEDF600B2CD54 /* AFNetworkActivityLogger.m in Sources */ = {isa = PBXBuildFile; fileRef = 908CF738199BEDF600B2CD54 /* AFNetworkActivityLogger.m */; };
		908CF73D199C04A300B2CD54 /* RGRouteDetailsViewController.m in Sources */ = {isa = PBXBuildFile; fileRef = 908CF73C199C04A300B2CD54 /* RGRouteDetailsViewController.m */; };
		908CF740199C074300B2CD54 /* routeDetails_background@2x.png in Resources */ = {isa = PBXBuildFile; fileRef = 908CF73F199C074300B2CD54 /* routeDetails_background@2x.png */; };
		908CF747199C3B4C00B2CD54 /* RGImageCache.m in Sources */ = {isa = PBXBuildFile; fileRef = 908CF746199C3B4C00B2CD54 /* RGImageCache.m */; };
		908CF74A199C3E1400B2CD54 /* NSString+MD5.m in Sources */ = {isa = PBXBuildFile; fileRef = 908CF749199C3E1400B2CD54 /* NSString+MD5.m */; };
		90A248541999B4FF0015D6BD /* Config.plist in Resources */ = {isa = PBXBuildFile; fileRef = 90A248531999B4FF0015D6BD /* Config.plist */; };
		90A2487D1999B82E0015D6BD /* AFHTTPRequestOperation.m in Sources */ = {isa = PBXBuildFile; fileRef = 90A248591999B82E0015D6BD /* AFHTTPRequestOperation.m */; };
		90A2487E1999B82E0015D6BD /* AFHTTPRequestOperationManager.m in Sources */ = {isa = PBXBuildFile; fileRef = 90A2485B1999B82E0015D6BD /* AFHTTPRequestOperationManager.m */; };
		90A2487F1999B82E0015D6BD /* AFHTTPSessionManager.m in Sources */ = {isa = PBXBuildFile; fileRef = 90A2485D1999B82E0015D6BD /* AFHTTPSessionManager.m */; };
		90A248801999B82E0015D6BD /* AFNetworkReachabilityManager.m in Sources */ = {isa = PBXBuildFile; fileRef = 90A248601999B82E0015D6BD /* AFNetworkReachabilityManager.m */; };
		90A248811999B82E0015D6BD /* AFSecurityPolicy.m in Sources */ = {isa = PBXBuildFile; fileRef = 90A248621999B82E0015D6BD /* AFSecurityPolicy.m */; };
		90A248821999B82E0015D6BD /* AFURLConnectionOperation.m in Sources */ = {isa = PBXBuildFile; fileRef = 90A248641999B82E0015D6BD /* AFURLConnectionOperation.m */; };
		90A248831999B82E0015D6BD /* AFURLRequestSerialization.m in Sources */ = {isa = PBXBuildFile; fileRef = 90A248661999B82E0015D6BD /* AFURLRequestSerialization.m */; };
		90A248841999B82E0015D6BD /* AFURLResponseSerialization.m in Sources */ = {isa = PBXBuildFile; fileRef = 90A248681999B82E0015D6BD /* AFURLResponseSerialization.m */; };
		90A248851999B82E0015D6BD /* AFURLSessionManager.m in Sources */ = {isa = PBXBuildFile; fileRef = 90A2486A1999B82E0015D6BD /* AFURLSessionManager.m */; };
		90A248861999B82E0015D6BD /* AFNetworkActivityIndicatorManager.m in Sources */ = {isa = PBXBuildFile; fileRef = 90A2486D1999B82E0015D6BD /* AFNetworkActivityIndicatorManager.m */; };
		90A248871999B82E0015D6BD /* UIActivityIndicatorView+AFNetworking.m in Sources */ = {isa = PBXBuildFile; fileRef = 90A2486F1999B82E0015D6BD /* UIActivityIndicatorView+AFNetworking.m */; };
		90A248881999B82E0015D6BD /* UIAlertView+AFNetworking.m in Sources */ = {isa = PBXBuildFile; fileRef = 90A248711999B82E0015D6BD /* UIAlertView+AFNetworking.m */; };
		90A248891999B82E0015D6BD /* UIButton+AFNetworking.m in Sources */ = {isa = PBXBuildFile; fileRef = 90A248731999B82E0015D6BD /* UIButton+AFNetworking.m */; };
		90A2488A1999B82E0015D6BD /* UIImageView+AFNetworking.m in Sources */ = {isa = PBXBuildFile; fileRef = 90A248751999B82E0015D6BD /* UIImageView+AFNetworking.m */; };
		90A2488B1999B82E0015D6BD /* UIProgressView+AFNetworking.m in Sources */ = {isa = PBXBuildFile; fileRef = 90A248781999B82E0015D6BD /* UIProgressView+AFNetworking.m */; };
		90A2488C1999B82E0015D6BD /* UIRefreshControl+AFNetworking.m in Sources */ = {isa = PBXBuildFile; fileRef = 90A2487A1999B82E0015D6BD /* UIRefreshControl+AFNetworking.m */; };
		90A2488D1999B82E0015D6BD /* UIWebView+AFNetworking.m in Sources */ = {isa = PBXBuildFile; fileRef = 90A2487C1999B82E0015D6BD /* UIWebView+AFNetworking.m */; };
		90A248911999B86B0015D6BD /* NSUserDefaults+GroundControl.m in Sources */ = {isa = PBXBuildFile; fileRef = 90A248901999B86B0015D6BD /* NSUserDefaults+GroundControl.m */; };
		90A248971999C1160015D6BD /* RGConfiguration.m in Sources */ = {isa = PBXBuildFile; fileRef = 90A248961999C1160015D6BD /* RGConfiguration.m */; };
/* End PBXBuildFile section */

/* Begin PBXContainerItemProxy section */
		9007543A1999629400AA6C74 /* PBXContainerItemProxy */ = {
			isa = PBXContainerItemProxy;
			containerPortal = 9007540C1999629400AA6C74 /* Project object */;
			proxyType = 1;
			remoteGlobalIDString = 900754131999629400AA6C74;
			remoteInfo = RoadGuide;
		};
/* End PBXContainerItemProxy section */

/* Begin PBXFileReference section */
		900754141999629400AA6C74 /* RoadGuide.app */ = {isa = PBXFileReference; explicitFileType = wrapper.application; includeInIndex = 0; path = RoadGuide.app; sourceTree = BUILT_PRODUCTS_DIR; };
		900754171999629400AA6C74 /* Foundation.framework */ = {isa = PBXFileReference; lastKnownFileType = wrapper.framework; name = Foundation.framework; path = System/Library/Frameworks/Foundation.framework; sourceTree = SDKROOT; };
		900754191999629400AA6C74 /* CoreGraphics.framework */ = {isa = PBXFileReference; lastKnownFileType = wrapper.framework; name = CoreGraphics.framework; path = System/Library/Frameworks/CoreGraphics.framework; sourceTree = SDKROOT; };
		9007541B1999629400AA6C74 /* UIKit.framework */ = {isa = PBXFileReference; lastKnownFileType = wrapper.framework; name = UIKit.framework; path = System/Library/Frameworks/UIKit.framework; sourceTree = SDKROOT; };
		9007541F1999629400AA6C74 /* RoadGuide-Info.plist */ = {isa = PBXFileReference; lastKnownFileType = text.plist.xml; path = "RoadGuide-Info.plist"; sourceTree = "<group>"; };
		900754211999629400AA6C74 /* en */ = {isa = PBXFileReference; lastKnownFileType = text.plist.strings; name = en; path = en.lproj/InfoPlist.strings; sourceTree = "<group>"; };
		900754231999629400AA6C74 /* main.m */ = {isa = PBXFileReference; lastKnownFileType = sourcecode.c.objc; path = main.m; sourceTree = "<group>"; };
		900754251999629400AA6C74 /* RoadGuide-Prefix.pch */ = {isa = PBXFileReference; lastKnownFileType = sourcecode.c.h; path = "RoadGuide-Prefix.pch"; sourceTree = "<group>"; };
		900754261999629400AA6C74 /* RGAppDelegate.h */ = {isa = PBXFileReference; lastKnownFileType = sourcecode.c.h; path = RGAppDelegate.h; sourceTree = "<group>"; };
		900754271999629400AA6C74 /* RGAppDelegate.m */ = {isa = PBXFileReference; lastKnownFileType = sourcecode.c.objc; path = RGAppDelegate.m; sourceTree = "<group>"; };
		9007542A1999629400AA6C74 /* Base */ = {isa = PBXFileReference; lastKnownFileType = file.storyboard; name = Base; path = Base.lproj/Main.storyboard; sourceTree = "<group>"; };
		900754351999629400AA6C74 /* RoadGuideTests.xctest */ = {isa = PBXFileReference; explicitFileType = wrapper.cfbundle; includeInIndex = 0; path = RoadGuideTests.xctest; sourceTree = BUILT_PRODUCTS_DIR; };
		900754361999629400AA6C74 /* XCTest.framework */ = {isa = PBXFileReference; lastKnownFileType = wrapper.framework; name = XCTest.framework; path = Library/Frameworks/XCTest.framework; sourceTree = DEVELOPER_DIR; };
		9007543E1999629400AA6C74 /* RoadGuideTests-Info.plist */ = {isa = PBXFileReference; lastKnownFileType = text.plist.xml; path = "RoadGuideTests-Info.plist"; sourceTree = "<group>"; };
		900754401999629400AA6C74 /* en */ = {isa = PBXFileReference; lastKnownFileType = text.plist.strings; name = en; path = en.lproj/InfoPlist.strings; sourceTree = "<group>"; };
		900754421999629400AA6C74 /* RoadGuideTests.m */ = {isa = PBXFileReference; lastKnownFileType = sourcecode.c.objc; path = RoadGuideTests.m; sourceTree = "<group>"; };
		9007544F1999656A00AA6C74 /* Default-568h@2x.png */ = {isa = PBXFileReference; lastKnownFileType = image.png; path = "Default-568h@2x.png"; sourceTree = "<group>"; };
		900754501999656A00AA6C74 /* Default@2x.png */ = {isa = PBXFileReference; lastKnownFileType = image.png; path = "Default@2x.png"; sourceTree = "<group>"; };
		90075453199966B200AA6C74 /* Icon-60@2x.png */ = {isa = PBXFileReference; lastKnownFileType = image.png; path = "Icon-60@2x.png"; sourceTree = "<group>"; };
		90075454199966B200AA6C74 /* iTunesArtwork */ = {isa = PBXFileReference; lastKnownFileType = file; path = iTunesArtwork; sourceTree = "<group>"; };
		90075455199966B200AA6C74 /* iTunesArtwork@2x */ = {isa = PBXFileReference; lastKnownFileType = file; path = "iTunesArtwork@2x"; sourceTree = "<group>"; };
		900754591999677A00AA6C74 /* Icon-40@2x.png */ = {isa = PBXFileReference; lastKnownFileType = image.png; path = "Icon-40@2x.png"; sourceTree = "<group>"; };
		9007545A1999677B00AA6C74 /* Icon-Small@2x.png */ = {isa = PBXFileReference; lastKnownFileType = image.png; path = "Icon-Small@2x.png"; sourceTree = "<group>"; };
		908CF6FD199B670500B2CD54 /* RGSplashScreenViewController.h */ = {isa = PBXFileReference; fileEncoding = 4; lastKnownFileType = sourcecode.c.h; path = RGSplashScreenViewController.h; sourceTree = "<group>"; };
		908CF6FE199B670500B2CD54 /* RGSplashScreenViewController.m */ = {isa = PBXFileReference; fileEncoding = 4; lastKnownFileType = sourcecode.c.objc; path = RGSplashScreenViewController.m; sourceTree = "<group>"; };
		908CF703199B851200B2CD54 /* RGLanguage.h */ = {isa = PBXFileReference; fileEncoding = 4; lastKnownFileType = sourcecode.c.h; path = RGLanguage.h; sourceTree = "<group>"; };
		908CF704199B851200B2CD54 /* RGLanguage.m */ = {isa = PBXFileReference; fileEncoding = 4; lastKnownFileType = sourcecode.c.objc; path = RGLanguage.m; sourceTree = "<group>"; };
		908CF707199B8B9600B2CD54 /* NSDictionary+Localized.h */ = {isa = PBXFileReference; fileEncoding = 4; lastKnownFileType = sourcecode.c.h; path = "NSDictionary+Localized.h"; sourceTree = "<group>"; };
		908CF708199B8B9600B2CD54 /* NSDictionary+Localized.m */ = {isa = PBXFileReference; fileEncoding = 4; lastKnownFileType = sourcecode.c.objc; path = "NSDictionary+Localized.m"; sourceTree = "<group>"; };
		908CF70B199B91F900B2CD54 /* RGRouteListViewController.h */ = {isa = PBXFileReference; fileEncoding = 4; lastKnownFileType = sourcecode.c.h; path = RGRouteListViewController.h; sourceTree = "<group>"; };
		908CF70C199B91F900B2CD54 /* RGRouteListViewController.m */ = {isa = PBXFileReference; fileEncoding = 4; lastKnownFileType = sourcecode.c.objc; path = RGRouteListViewController.m; sourceTree = "<group>"; };
		908CF70F199B958900B2CD54 /* StandardPaths.h */ = {isa = PBXFileReference; fileEncoding = 4; lastKnownFileType = sourcecode.c.h; path = StandardPaths.h; sourceTree = "<group>"; };
		908CF710199B958900B2CD54 /* StandardPaths.m */ = {isa = PBXFileReference; fileEncoding = 4; lastKnownFileType = sourcecode.c.objc; path = StandardPaths.m; sourceTree = "<group>"; };
		908CF713199B971000B2CD54 /* routeList_background-568h@2x.png */ = {isa = PBXFileReference; lastKnownFileType = image.png; path = "routeList_background-568h@2x.png"; sourceTree = "<group>"; };
		908CF714199B971000B2CD54 /* routeList_background@2x.png */ = {isa = PBXFileReference; lastKnownFileType = image.png; path = "routeList_background@2x.png"; sourceTree = "<group>"; };
		908CF717199B98A600B2CD54 /* routeList_flag_en@2x.png */ = {isa = PBXFileReference; lastKnownFileType = image.png; path = "routeList_flag_en@2x.png"; sourceTree = "<group>"; };
		908CF718199B98A600B2CD54 /* routeList_flag_ru@2x.png */ = {isa = PBXFileReference; lastKnownFileType = image.png; path = "routeList_flag_ru@2x.png"; sourceTree = "<group>"; };
		908CF719199B98A600B2CD54 /* routeList_flag_ua@2x.png */ = {isa = PBXFileReference; lastKnownFileType = image.png; path = "routeList_flag_ua@2x.png"; sourceTree = "<group>"; };
		908CF71F199BAA7300B2CD54 /* RGRouteListCell.h */ = {isa = PBXFileReference; fileEncoding = 4; lastKnownFileType = sourcecode.c.h; path = RGRouteListCell.h; sourceTree = "<group>"; };
		908CF720199BAA7300B2CD54 /* RGRouteListCell.m */ = {isa = PBXFileReference; fileEncoding = 4; lastKnownFileType = sourcecode.c.objc; path = RGRouteListCell.m; sourceTree = "<group>"; };
		908CF723199BC25E00B2CD54 /* ColorUtils.h */ = {isa = PBXFileReference; fileEncoding = 4; lastKnownFileType = sourcecode.c.h; path = ColorUtils.h; sourceTree = "<group>"; };
		908CF724199BC25E00B2CD54 /* ColorUtils.m */ = {isa = PBXFileReference; fileEncoding = 4; lastKnownFileType = sourcecode.c.objc; path = ColorUtils.m; sourceTree = "<group>"; };
		908CF729199BC5BE00B2CD54 /* en */ = {isa = PBXFileReference; lastKnownFileType = text.plist.strings; name = en; path = en.lproj/Localizable.strings; sourceTree = "<group>"; };
		908CF72B199BC5E200B2CD54 /* ru */ = {isa = PBXFileReference; lastKnownFileType = text.plist.strings; name = ru; path = ru.lproj/InfoPlist.strings; sourceTree = "<group>"; };
		908CF72D199BC5E200B2CD54 /* ru */ = {isa = PBXFileReference; lastKnownFileType = text.plist.strings; name = ru; path = ru.lproj/Localizable.strings; sourceTree = "<group>"; };
		908CF72E199BC5E200B2CD54 /* ru */ = {isa = PBXFileReference; lastKnownFileType = text.plist.strings; name = ru; path = ru.lproj/InfoPlist.strings; sourceTree = "<group>"; };
		908CF730199BC5E900B2CD54 /* uk */ = {isa = PBXFileReference; lastKnownFileType = text.plist.strings; name = uk; path = uk.lproj/Localizable.strings; sourceTree = "<group>"; };
		908CF731199BC5E900B2CD54 /* uk */ = {isa = PBXFileReference; lastKnownFileType = text.plist.strings; name = uk; path = uk.lproj/InfoPlist.strings; sourceTree = "<group>"; };
		908CF732199BC5E900B2CD54 /* uk */ = {isa = PBXFileReference; lastKnownFileType = text.plist.strings; name = uk; path = uk.lproj/InfoPlist.strings; sourceTree = "<group>"; };
		908CF733199BD66300B2CD54 /* RGButton.h */ = {isa = PBXFileReference; fileEncoding = 4; lastKnownFileType = sourcecode.c.h; path = RGButton.h; sourceTree = "<group>"; };
		908CF734199BD66300B2CD54 /* RGButton.m */ = {isa = PBXFileReference; fileEncoding = 4; lastKnownFileType = sourcecode.c.objc; path = RGButton.m; sourceTree = "<group>"; };
		908CF737199BEDF600B2CD54 /* AFNetworkActivityLogger.h */ = {isa = PBXFileReference; fileEncoding = 4; lastKnownFileType = sourcecode.c.h; path = AFNetworkActivityLogger.h; sourceTree = "<group>"; };
		908CF738199BEDF600B2CD54 /* AFNetworkActivityLogger.m */ = {isa = PBXFileReference; fileEncoding = 4; lastKnownFileType = sourcecode.c.objc; path = AFNetworkActivityLogger.m; sourceTree = "<group>"; };
		908CF73B199C04A300B2CD54 /* RGRouteDetailsViewController.h */ = {isa = PBXFileReference; fileEncoding = 4; lastKnownFileType = sourcecode.c.h; path = RGRouteDetailsViewController.h; sourceTree = "<group>"; };
		908CF73C199C04A300B2CD54 /* RGRouteDetailsViewController.m */ = {isa = PBXFileReference; fileEncoding = 4; lastKnownFileType = sourcecode.c.objc; path = RGRouteDetailsViewController.m; sourceTree = "<group>"; };
		908CF73F199C074300B2CD54 /* routeDetails_background@2x.png */ = {isa = PBXFileReference; lastKnownFileType = image.png; path = "routeDetails_background@2x.png"; sourceTree = "<group>"; };
		908CF745199C3B4C00B2CD54 /* RGImageCache.h */ = {isa = PBXFileReference; fileEncoding = 4; lastKnownFileType = sourcecode.c.h; path = RGImageCache.h; sourceTree = "<group>"; };
		908CF746199C3B4C00B2CD54 /* RGImageCache.m */ = {isa = PBXFileReference; fileEncoding = 4; lastKnownFileType = sourcecode.c.objc; path = RGImageCache.m; sourceTree = "<group>"; };
		908CF748199C3E1400B2CD54 /* NSString+MD5.h */ = {isa = PBXFileReference; fileEncoding = 4; lastKnownFileType = sourcecode.c.h; path = "NSString+MD5.h"; sourceTree = "<group>"; };
		908CF749199C3E1400B2CD54 /* NSString+MD5.m */ = {isa = PBXFileReference; fileEncoding = 4; lastKnownFileType = sourcecode.c.objc; path = "NSString+MD5.m"; sourceTree = "<group>"; };
		90A248531999B4FF0015D6BD /* Config.plist */ = {isa = PBXFileReference; fileEncoding = 4; lastKnownFileType = text.plist.xml; path = Config.plist; sourceTree = "<group>"; };
		90A248581999B82E0015D6BD /* AFHTTPRequestOperation.h */ = {isa = PBXFileReference; fileEncoding = 4; lastKnownFileType = sourcecode.c.h; path = AFHTTPRequestOperation.h; sourceTree = "<group>"; };
		90A248591999B82E0015D6BD /* AFHTTPRequestOperation.m */ = {isa = PBXFileReference; fileEncoding = 4; lastKnownFileType = sourcecode.c.objc; path = AFHTTPRequestOperation.m; sourceTree = "<group>"; };
		90A2485A1999B82E0015D6BD /* AFHTTPRequestOperationManager.h */ = {isa = PBXFileReference; fileEncoding = 4; lastKnownFileType = sourcecode.c.h; path = AFHTTPRequestOperationManager.h; sourceTree = "<group>"; };
		90A2485B1999B82E0015D6BD /* AFHTTPRequestOperationManager.m */ = {isa = PBXFileReference; fileEncoding = 4; lastKnownFileType = sourcecode.c.objc; path = AFHTTPRequestOperationManager.m; sourceTree = "<group>"; };
		90A2485C1999B82E0015D6BD /* AFHTTPSessionManager.h */ = {isa = PBXFileReference; fileEncoding = 4; lastKnownFileType = sourcecode.c.h; path = AFHTTPSessionManager.h; sourceTree = "<group>"; };
		90A2485D1999B82E0015D6BD /* AFHTTPSessionManager.m */ = {isa = PBXFileReference; fileEncoding = 4; lastKnownFileType = sourcecode.c.objc; path = AFHTTPSessionManager.m; sourceTree = "<group>"; };
		90A2485E1999B82E0015D6BD /* AFNetworking.h */ = {isa = PBXFileReference; fileEncoding = 4; lastKnownFileType = sourcecode.c.h; path = AFNetworking.h; sourceTree = "<group>"; };
		90A2485F1999B82E0015D6BD /* AFNetworkReachabilityManager.h */ = {isa = PBXFileReference; fileEncoding = 4; lastKnownFileType = sourcecode.c.h; path = AFNetworkReachabilityManager.h; sourceTree = "<group>"; };
		90A248601999B82E0015D6BD /* AFNetworkReachabilityManager.m */ = {isa = PBXFileReference; fileEncoding = 4; lastKnownFileType = sourcecode.c.objc; path = AFNetworkReachabilityManager.m; sourceTree = "<group>"; };
		90A248611999B82E0015D6BD /* AFSecurityPolicy.h */ = {isa = PBXFileReference; fileEncoding = 4; lastKnownFileType = sourcecode.c.h; path = AFSecurityPolicy.h; sourceTree = "<group>"; };
		90A248621999B82E0015D6BD /* AFSecurityPolicy.m */ = {isa = PBXFileReference; fileEncoding = 4; lastKnownFileType = sourcecode.c.objc; path = AFSecurityPolicy.m; sourceTree = "<group>"; };
		90A248631999B82E0015D6BD /* AFURLConnectionOperation.h */ = {isa = PBXFileReference; fileEncoding = 4; lastKnownFileType = sourcecode.c.h; path = AFURLConnectionOperation.h; sourceTree = "<group>"; };
		90A248641999B82E0015D6BD /* AFURLConnectionOperation.m */ = {isa = PBXFileReference; fileEncoding = 4; lastKnownFileType = sourcecode.c.objc; path = AFURLConnectionOperation.m; sourceTree = "<group>"; };
		90A248651999B82E0015D6BD /* AFURLRequestSerialization.h */ = {isa = PBXFileReference; fileEncoding = 4; lastKnownFileType = sourcecode.c.h; path = AFURLRequestSerialization.h; sourceTree = "<group>"; };
		90A248661999B82E0015D6BD /* AFURLRequestSerialization.m */ = {isa = PBXFileReference; fileEncoding = 4; lastKnownFileType = sourcecode.c.objc; path = AFURLRequestSerialization.m; sourceTree = "<group>"; };
		90A248671999B82E0015D6BD /* AFURLResponseSerialization.h */ = {isa = PBXFileReference; fileEncoding = 4; lastKnownFileType = sourcecode.c.h; path = AFURLResponseSerialization.h; sourceTree = "<group>"; };
		90A248681999B82E0015D6BD /* AFURLResponseSerialization.m */ = {isa = PBXFileReference; fileEncoding = 4; lastKnownFileType = sourcecode.c.objc; path = AFURLResponseSerialization.m; sourceTree = "<group>"; };
		90A248691999B82E0015D6BD /* AFURLSessionManager.h */ = {isa = PBXFileReference; fileEncoding = 4; lastKnownFileType = sourcecode.c.h; path = AFURLSessionManager.h; sourceTree = "<group>"; };
		90A2486A1999B82E0015D6BD /* AFURLSessionManager.m */ = {isa = PBXFileReference; fileEncoding = 4; lastKnownFileType = sourcecode.c.objc; path = AFURLSessionManager.m; sourceTree = "<group>"; };
		90A2486C1999B82E0015D6BD /* AFNetworkActivityIndicatorManager.h */ = {isa = PBXFileReference; fileEncoding = 4; lastKnownFileType = sourcecode.c.h; path = AFNetworkActivityIndicatorManager.h; sourceTree = "<group>"; };
		90A2486D1999B82E0015D6BD /* AFNetworkActivityIndicatorManager.m */ = {isa = PBXFileReference; fileEncoding = 4; lastKnownFileType = sourcecode.c.objc; path = AFNetworkActivityIndicatorManager.m; sourceTree = "<group>"; };
		90A2486E1999B82E0015D6BD /* UIActivityIndicatorView+AFNetworking.h */ = {isa = PBXFileReference; fileEncoding = 4; lastKnownFileType = sourcecode.c.h; path = "UIActivityIndicatorView+AFNetworking.h"; sourceTree = "<group>"; };
		90A2486F1999B82E0015D6BD /* UIActivityIndicatorView+AFNetworking.m */ = {isa = PBXFileReference; fileEncoding = 4; lastKnownFileType = sourcecode.c.objc; path = "UIActivityIndicatorView+AFNetworking.m"; sourceTree = "<group>"; };
		90A248701999B82E0015D6BD /* UIAlertView+AFNetworking.h */ = {isa = PBXFileReference; fileEncoding = 4; lastKnownFileType = sourcecode.c.h; path = "UIAlertView+AFNetworking.h"; sourceTree = "<group>"; };
		90A248711999B82E0015D6BD /* UIAlertView+AFNetworking.m */ = {isa = PBXFileReference; fileEncoding = 4; lastKnownFileType = sourcecode.c.objc; path = "UIAlertView+AFNetworking.m"; sourceTree = "<group>"; };
		90A248721999B82E0015D6BD /* UIButton+AFNetworking.h */ = {isa = PBXFileReference; fileEncoding = 4; lastKnownFileType = sourcecode.c.h; path = "UIButton+AFNetworking.h"; sourceTree = "<group>"; };
		90A248731999B82E0015D6BD /* UIButton+AFNetworking.m */ = {isa = PBXFileReference; fileEncoding = 4; lastKnownFileType = sourcecode.c.objc; path = "UIButton+AFNetworking.m"; sourceTree = "<group>"; };
		90A248741999B82E0015D6BD /* UIImageView+AFNetworking.h */ = {isa = PBXFileReference; fileEncoding = 4; lastKnownFileType = sourcecode.c.h; path = "UIImageView+AFNetworking.h"; sourceTree = "<group>"; };
		90A248751999B82E0015D6BD /* UIImageView+AFNetworking.m */ = {isa = PBXFileReference; fileEncoding = 4; lastKnownFileType = sourcecode.c.objc; path = "UIImageView+AFNetworking.m"; sourceTree = "<group>"; };
		90A248761999B82E0015D6BD /* UIKit+AFNetworking.h */ = {isa = PBXFileReference; fileEncoding = 4; lastKnownFileType = sourcecode.c.h; path = "UIKit+AFNetworking.h"; sourceTree = "<group>"; };
		90A248771999B82E0015D6BD /* UIProgressView+AFNetworking.h */ = {isa = PBXFileReference; fileEncoding = 4; lastKnownFileType = sourcecode.c.h; path = "UIProgressView+AFNetworking.h"; sourceTree = "<group>"; };
		90A248781999B82E0015D6BD /* UIProgressView+AFNetworking.m */ = {isa = PBXFileReference; fileEncoding = 4; lastKnownFileType = sourcecode.c.objc; path = "UIProgressView+AFNetworking.m"; sourceTree = "<group>"; };
		90A248791999B82E0015D6BD /* UIRefreshControl+AFNetworking.h */ = {isa = PBXFileReference; fileEncoding = 4; lastKnownFileType = sourcecode.c.h; path = "UIRefreshControl+AFNetworking.h"; sourceTree = "<group>"; };
		90A2487A1999B82E0015D6BD /* UIRefreshControl+AFNetworking.m */ = {isa = PBXFileReference; fileEncoding = 4; lastKnownFileType = sourcecode.c.objc; path = "UIRefreshControl+AFNetworking.m"; sourceTree = "<group>"; };
		90A2487B1999B82E0015D6BD /* UIWebView+AFNetworking.h */ = {isa = PBXFileReference; fileEncoding = 4; lastKnownFileType = sourcecode.c.h; path = "UIWebView+AFNetworking.h"; sourceTree = "<group>"; };
		90A2487C1999B82E0015D6BD /* UIWebView+AFNetworking.m */ = {isa = PBXFileReference; fileEncoding = 4; lastKnownFileType = sourcecode.c.objc; path = "UIWebView+AFNetworking.m"; sourceTree = "<group>"; };
		90A2488F1999B86B0015D6BD /* NSUserDefaults+GroundControl.h */ = {isa = PBXFileReference; fileEncoding = 4; lastKnownFileType = sourcecode.c.h; path = "NSUserDefaults+GroundControl.h"; sourceTree = "<group>"; };
		90A248901999B86B0015D6BD /* NSUserDefaults+GroundControl.m */ = {isa = PBXFileReference; fileEncoding = 4; lastKnownFileType = sourcecode.c.objc; path = "NSUserDefaults+GroundControl.m"; sourceTree = "<group>"; };
		90A248951999C1160015D6BD /* RGConfiguration.h */ = {isa = PBXFileReference; fileEncoding = 4; lastKnownFileType = sourcecode.c.h; path = RGConfiguration.h; sourceTree = "<group>"; };
		90A248961999C1160015D6BD /* RGConfiguration.m */ = {isa = PBXFileReference; fileEncoding = 4; lastKnownFileType = sourcecode.c.objc; path = RGConfiguration.m; sourceTree = "<group>"; };
/* End PBXFileReference section */

/* Begin PBXFrameworksBuildPhase section */
		900754111999629400AA6C74 /* Frameworks */ = {
			isa = PBXFrameworksBuildPhase;
			buildActionMask = 2147483647;
			files = (
				9007541A1999629400AA6C74 /* CoreGraphics.framework in Frameworks */,
				9007541C1999629400AA6C74 /* UIKit.framework in Frameworks */,
				900754181999629400AA6C74 /* Foundation.framework in Frameworks */,
			);
			runOnlyForDeploymentPostprocessing = 0;
		};
		900754321999629400AA6C74 /* Frameworks */ = {
			isa = PBXFrameworksBuildPhase;
			buildActionMask = 2147483647;
			files = (
				900754371999629400AA6C74 /* XCTest.framework in Frameworks */,
				900754391999629400AA6C74 /* UIKit.framework in Frameworks */,
				900754381999629400AA6C74 /* Foundation.framework in Frameworks */,
			);
			runOnlyForDeploymentPostprocessing = 0;
		};
/* End PBXFrameworksBuildPhase section */

/* Begin PBXGroup section */
		9007540B1999629400AA6C74 = {
			isa = PBXGroup;
			children = (
				9007541D1999629400AA6C74 /* RoadGuide */,
				9007543C1999629400AA6C74 /* RoadGuideTests */,
				900754161999629400AA6C74 /* Frameworks */,
				900754151999629400AA6C74 /* Products */,
			);
			sourceTree = "<group>";
		};
		900754151999629400AA6C74 /* Products */ = {
			isa = PBXGroup;
			children = (
				900754141999629400AA6C74 /* RoadGuide.app */,
				900754351999629400AA6C74 /* RoadGuideTests.xctest */,
			);
			name = Products;
			sourceTree = "<group>";
		};
		900754161999629400AA6C74 /* Frameworks */ = {
			isa = PBXGroup;
			children = (
				900754171999629400AA6C74 /* Foundation.framework */,
				900754191999629400AA6C74 /* CoreGraphics.framework */,
				9007541B1999629400AA6C74 /* UIKit.framework */,
				900754361999629400AA6C74 /* XCTest.framework */,
			);
			name = Frameworks;
			sourceTree = "<group>";
		};
		9007541D1999629400AA6C74 /* RoadGuide */ = {
			isa = PBXGroup;
			children = (
				900754261999629400AA6C74 /* RGAppDelegate.h */,
				900754271999629400AA6C74 /* RGAppDelegate.m */,
				900754291999629400AA6C74 /* Main.storyboard */,
				908CF706199B8B2E00B2CD54 /* Additions */,
				90A248921999C0C50015D6BD /* Model */,
				908CF71D199BAA0000B2CD54 /* View */,
				908CF6FB199B66CA00B2CD54 /* Controller */,
				90A248551999B82E0015D6BD /* Vendor */,
				9007544C199964FF00AA6C74 /* Resources */,
				9007541E1999629400AA6C74 /* Supporting Files */,
			);
			path = RoadGuide;
			sourceTree = "<group>";
		};
		9007541E1999629400AA6C74 /* Supporting Files */ = {
			isa = PBXGroup;
			children = (
				9007541F1999629400AA6C74 /* RoadGuide-Info.plist */,
				900754201999629400AA6C74 /* InfoPlist.strings */,
				900754231999629400AA6C74 /* main.m */,
				900754251999629400AA6C74 /* RoadGuide-Prefix.pch */,
			);
			name = "Supporting Files";
			sourceTree = "<group>";
		};
		9007543C1999629400AA6C74 /* RoadGuideTests */ = {
			isa = PBXGroup;
			children = (
				900754421999629400AA6C74 /* RoadGuideTests.m */,
				9007543D1999629400AA6C74 /* Supporting Files */,
			);
			path = RoadGuideTests;
			sourceTree = "<group>";
		};
		9007543D1999629400AA6C74 /* Supporting Files */ = {
			isa = PBXGroup;
			children = (
				9007543E1999629400AA6C74 /* RoadGuideTests-Info.plist */,
				9007543F1999629400AA6C74 /* InfoPlist.strings */,
			);
			name = "Supporting Files";
			sourceTree = "<group>";
		};
		9007544C199964FF00AA6C74 /* Resources */ = {
			isa = PBXGroup;
			children = (
				90A248531999B4FF0015D6BD /* Config.plist */,
				908CF72A199BC5BE00B2CD54 /* Localizable.strings */,
				9007544D199964FF00AA6C74 /* images */,
			);
			path = Resources;
			sourceTree = "<group>";
		};
		9007544D199964FF00AA6C74 /* images */ = {
			isa = PBXGroup;
			children = (
				9007544E199964FF00AA6C74 /* app */,
				908CF712199B971000B2CD54 /* RouteList */,
				908CF73E199C071D00B2CD54 /* RouteDetails */,
			);
			path = images;
			sourceTree = "<group>";
		};
		9007544E199964FF00AA6C74 /* app */ = {
			isa = PBXGroup;
			children = (
				9007544F1999656A00AA6C74 /* Default-568h@2x.png */,
				900754501999656A00AA6C74 /* Default@2x.png */,
				900754591999677A00AA6C74 /* Icon-40@2x.png */,
				90075453199966B200AA6C74 /* Icon-60@2x.png */,
				9007545A1999677B00AA6C74 /* Icon-Small@2x.png */,
				90075454199966B200AA6C74 /* iTunesArtwork */,
				90075455199966B200AA6C74 /* iTunesArtwork@2x */,
			);
			path = app;
			sourceTree = "<group>";
		};
		908CF6FB199B66CA00B2CD54 /* Controller */ = {
			isa = PBXGroup;
			children = (
				908CF6FC199B66EE00B2CD54 /* SplashScreen */,
				908CF70A199B91CA00B2CD54 /* RouteList */,
				908CF73A199C045900B2CD54 /* RouteDetails */,
			);
			path = Controller;
			sourceTree = "<group>";
		};
		908CF6FC199B66EE00B2CD54 /* SplashScreen */ = {
			isa = PBXGroup;
			children = (
				908CF6FD199B670500B2CD54 /* RGSplashScreenViewController.h */,
				908CF6FE199B670500B2CD54 /* RGSplashScreenViewController.m */,
			);
			path = SplashScreen;
			sourceTree = "<group>";
		};
		908CF706199B8B2E00B2CD54 /* Additions */ = {
			isa = PBXGroup;
			children = (
				908CF707199B8B9600B2CD54 /* NSDictionary+Localized.h */,
				908CF708199B8B9600B2CD54 /* NSDictionary+Localized.m */,
				908CF748199C3E1400B2CD54 /* NSString+MD5.h */,
				908CF749199C3E1400B2CD54 /* NSString+MD5.m */,
			);
			path = Additions;
			sourceTree = "<group>";
		};
		908CF70A199B91CA00B2CD54 /* RouteList */ = {
			isa = PBXGroup;
			children = (
				908CF70B199B91F900B2CD54 /* RGRouteListViewController.h */,
				908CF70C199B91F900B2CD54 /* RGRouteListViewController.m */,
			);
			path = RouteList;
			sourceTree = "<group>";
		};
		908CF70E199B958900B2CD54 /* StandardPaths */ = {
			isa = PBXGroup;
			children = (
				908CF70F199B958900B2CD54 /* StandardPaths.h */,
				908CF710199B958900B2CD54 /* StandardPaths.m */,
			);
			path = StandardPaths;
			sourceTree = "<group>";
		};
		908CF712199B971000B2CD54 /* RouteList */ = {
			isa = PBXGroup;
			children = (
				908CF713199B971000B2CD54 /* routeList_background-568h@2x.png */,
				908CF714199B971000B2CD54 /* routeList_background@2x.png */,
				908CF717199B98A600B2CD54 /* routeList_flag_en@2x.png */,
				908CF718199B98A600B2CD54 /* routeList_flag_ru@2x.png */,
				908CF719199B98A600B2CD54 /* routeList_flag_ua@2x.png */,
			);
			name = RouteList;
			path = routeList;
			sourceTree = "<group>";
		};
		908CF71D199BAA0000B2CD54 /* View */ = {
			isa = PBXGroup;
			children = (
				908CF71E199BAA1500B2CD54 /* RouteList */,
			);
			path = View;
			sourceTree = "<group>";
		};
		908CF71E199BAA1500B2CD54 /* RouteList */ = {
			isa = PBXGroup;
			children = (
				908CF71F199BAA7300B2CD54 /* RGRouteListCell.h */,
				908CF720199BAA7300B2CD54 /* RGRouteListCell.m */,
				908CF733199BD66300B2CD54 /* RGButton.h */,
				908CF734199BD66300B2CD54 /* RGButton.m */,
			);
			path = RouteList;
			sourceTree = "<group>";
		};
		908CF722199BC25E00B2CD54 /* ColorUtils */ = {
			isa = PBXGroup;
			children = (
				908CF723199BC25E00B2CD54 /* ColorUtils.h */,
				908CF724199BC25E00B2CD54 /* ColorUtils.m */,
			);
			path = ColorUtils;
			sourceTree = "<group>";
		};
		908CF736199BEDF600B2CD54 /* AFNetworkActivityLogger */ = {
			isa = PBXGroup;
			children = (
				908CF737199BEDF600B2CD54 /* AFNetworkActivityLogger.h */,
				908CF738199BEDF600B2CD54 /* AFNetworkActivityLogger.m */,
			);
			path = AFNetworkActivityLogger;
			sourceTree = "<group>";
		};
		908CF73A199C045900B2CD54 /* RouteDetails */ = {
			isa = PBXGroup;
			children = (
				908CF73B199C04A300B2CD54 /* RGRouteDetailsViewController.h */,
				908CF73C199C04A300B2CD54 /* RGRouteDetailsViewController.m */,
			);
			path = RouteDetails;
			sourceTree = "<group>";
		};
		908CF73E199C071D00B2CD54 /* RouteDetails */ = {
			isa = PBXGroup;
			children = (
				908CF73F199C074300B2CD54 /* routeDetails_background@2x.png */,
			);
			path = RouteDetails;
			sourceTree = "<group>";
		};
		908CF744199C3B2B00B2CD54 /* ImageCache */ = {
			isa = PBXGroup;
			children = (
				908CF745199C3B4C00B2CD54 /* RGImageCache.h */,
				908CF746199C3B4C00B2CD54 /* RGImageCache.m */,
			);
			path = ImageCache;
			sourceTree = "<group>";
		};
		90A248551999B82E0015D6BD /* Vendor */ = {
			isa = PBXGroup;
			children = (
				90A248561999B82E0015D6BD /* AFNetworking */,
				90A2488E1999B86B0015D6BD /* GroundControl */,
				908CF70E199B958900B2CD54 /* StandardPaths */,
				908CF722199BC25E00B2CD54 /* ColorUtils */,
			);
			path = Vendor;
			sourceTree = "<group>";
		};
		90A248561999B82E0015D6BD /* AFNetworking */ = {
			isa = PBXGroup;
			children = (
				90A248571999B82E0015D6BD /* AFNetworking */,
				90A2486B1999B82E0015D6BD /* UIKit+AFNetworking */,
				908CF736199BEDF600B2CD54 /* AFNetworkActivityLogger */,
			);
			path = AFNetworking;
			sourceTree = "<group>";
		};
		90A248571999B82E0015D6BD /* AFNetworking */ = {
			isa = PBXGroup;
			children = (
				90A248581999B82E0015D6BD /* AFHTTPRequestOperation.h */,
				90A248591999B82E0015D6BD /* AFHTTPRequestOperation.m */,
				90A2485A1999B82E0015D6BD /* AFHTTPRequestOperationManager.h */,
				90A2485B1999B82E0015D6BD /* AFHTTPRequestOperationManager.m */,
				90A2485C1999B82E0015D6BD /* AFHTTPSessionManager.h */,
				90A2485D1999B82E0015D6BD /* AFHTTPSessionManager.m */,
				90A2485E1999B82E0015D6BD /* AFNetworking.h */,
				90A2485F1999B82E0015D6BD /* AFNetworkReachabilityManager.h */,
				90A248601999B82E0015D6BD /* AFNetworkReachabilityManager.m */,
				90A248611999B82E0015D6BD /* AFSecurityPolicy.h */,
				90A248621999B82E0015D6BD /* AFSecurityPolicy.m */,
				90A248631999B82E0015D6BD /* AFURLConnectionOperation.h */,
				90A248641999B82E0015D6BD /* AFURLConnectionOperation.m */,
				90A248651999B82E0015D6BD /* AFURLRequestSerialization.h */,
				90A248661999B82E0015D6BD /* AFURLRequestSerialization.m */,
				90A248671999B82E0015D6BD /* AFURLResponseSerialization.h */,
				90A248681999B82E0015D6BD /* AFURLResponseSerialization.m */,
				90A248691999B82E0015D6BD /* AFURLSessionManager.h */,
				90A2486A1999B82E0015D6BD /* AFURLSessionManager.m */,
			);
			path = AFNetworking;
			sourceTree = "<group>";
		};
		90A2486B1999B82E0015D6BD /* UIKit+AFNetworking */ = {
			isa = PBXGroup;
			children = (
				90A2486C1999B82E0015D6BD /* AFNetworkActivityIndicatorManager.h */,
				90A2486D1999B82E0015D6BD /* AFNetworkActivityIndicatorManager.m */,
				90A2486E1999B82E0015D6BD /* UIActivityIndicatorView+AFNetworking.h */,
				90A2486F1999B82E0015D6BD /* UIActivityIndicatorView+AFNetworking.m */,
				90A248701999B82E0015D6BD /* UIAlertView+AFNetworking.h */,
				90A248711999B82E0015D6BD /* UIAlertView+AFNetworking.m */,
				90A248721999B82E0015D6BD /* UIButton+AFNetworking.h */,
				90A248731999B82E0015D6BD /* UIButton+AFNetworking.m */,
				90A248741999B82E0015D6BD /* UIImageView+AFNetworking.h */,
				90A248751999B82E0015D6BD /* UIImageView+AFNetworking.m */,
				90A248761999B82E0015D6BD /* UIKit+AFNetworking.h */,
				90A248771999B82E0015D6BD /* UIProgressView+AFNetworking.h */,
				90A248781999B82E0015D6BD /* UIProgressView+AFNetworking.m */,
				90A248791999B82E0015D6BD /* UIRefreshControl+AFNetworking.h */,
				90A2487A1999B82E0015D6BD /* UIRefreshControl+AFNetworking.m */,
				90A2487B1999B82E0015D6BD /* UIWebView+AFNetworking.h */,
				90A2487C1999B82E0015D6BD /* UIWebView+AFNetworking.m */,
			);
			path = "UIKit+AFNetworking";
			sourceTree = "<group>";
		};
		90A2488E1999B86B0015D6BD /* GroundControl */ = {
			isa = PBXGroup;
			children = (
				90A2488F1999B86B0015D6BD /* NSUserDefaults+GroundControl.h */,
				90A248901999B86B0015D6BD /* NSUserDefaults+GroundControl.m */,
			);
			path = GroundControl;
			sourceTree = "<group>";
		};
		90A248921999C0C50015D6BD /* Model */ = {
			isa = PBXGroup;
			children = (
				90A248941999C0EC0015D6BD /* Configuration */,
				908CF744199C3B2B00B2CD54 /* ImageCache */,
			);
			path = Model;
			sourceTree = "<group>";
		};
		90A248941999C0EC0015D6BD /* Configuration */ = {
			isa = PBXGroup;
			children = (
				90A248951999C1160015D6BD /* RGConfiguration.h */,
				90A248961999C1160015D6BD /* RGConfiguration.m */,
				908CF703199B851200B2CD54 /* RGLanguage.h */,
				908CF704199B851200B2CD54 /* RGLanguage.m */,
			);
			path = Configuration;
			sourceTree = "<group>";
		};
/* End PBXGroup section */

/* Begin PBXNativeTarget section */
		900754131999629400AA6C74 /* RoadGuide */ = {
			isa = PBXNativeTarget;
			buildConfigurationList = 900754461999629400AA6C74 /* Build configuration list for PBXNativeTarget "RoadGuide" */;
			buildPhases = (
				900754101999629400AA6C74 /* Sources */,
				900754111999629400AA6C74 /* Frameworks */,
				900754121999629400AA6C74 /* Resources */,
			);
			buildRules = (
			);
			dependencies = (
			);
			name = RoadGuide;
			productName = RoadGuide;
			productReference = 900754141999629400AA6C74 /* RoadGuide.app */;
			productType = "com.apple.product-type.application";
		};
		900754341999629400AA6C74 /* RoadGuideTests */ = {
			isa = PBXNativeTarget;
			buildConfigurationList = 900754491999629400AA6C74 /* Build configuration list for PBXNativeTarget "RoadGuideTests" */;
			buildPhases = (
				900754311999629400AA6C74 /* Sources */,
				900754321999629400AA6C74 /* Frameworks */,
				900754331999629400AA6C74 /* Resources */,
			);
			buildRules = (
			);
			dependencies = (
				9007543B1999629400AA6C74 /* PBXTargetDependency */,
			);
			name = RoadGuideTests;
			productName = RoadGuideTests;
			productReference = 900754351999629400AA6C74 /* RoadGuideTests.xctest */;
			productType = "com.apple.product-type.bundle.unit-test";
		};
/* End PBXNativeTarget section */

/* Begin PBXProject section */
		9007540C1999629400AA6C74 /* Project object */ = {
			isa = PBXProject;
			attributes = {
				CLASSPREFIX = RG;
				LastUpgradeCheck = 0510;
				ORGANIZATIONNAME = "Mykola Vyshynskyi";
				TargetAttributes = {
					900754341999629400AA6C74 = {
						TestTargetID = 900754131999629400AA6C74;
					};
				};
			};
			buildConfigurationList = 9007540F1999629400AA6C74 /* Build configuration list for PBXProject "RoadGuide" */;
			compatibilityVersion = "Xcode 3.2";
			developmentRegion = English;
			hasScannedForEncodings = 0;
			knownRegions = (
				en,
				Base,
				ru,
				uk,
			);
			mainGroup = 9007540B1999629400AA6C74;
			productRefGroup = 900754151999629400AA6C74 /* Products */;
			projectDirPath = "";
			projectRoot = "";
			targets = (
				900754131999629400AA6C74 /* RoadGuide */,
				900754341999629400AA6C74 /* RoadGuideTests */,
			);
		};
/* End PBXProject section */

/* Begin PBXResourcesBuildPhase section */
		900754121999629400AA6C74 /* Resources */ = {
			isa = PBXResourcesBuildPhase;
			buildActionMask = 2147483647;
			files = (
				900754521999656A00AA6C74 /* Default@2x.png in Resources */,
				90075457199966B200AA6C74 /* iTunesArtwork in Resources */,
				908CF71B199B98A600B2CD54 /* routeList_flag_ru@2x.png in Resources */,
				908CF716199B971000B2CD54 /* routeList_background@2x.png in Resources */,
				908CF71A199B98A600B2CD54 /* routeList_flag_en@2x.png in Resources */,
				908CF715199B971000B2CD54 /* routeList_background-568h@2x.png in Resources */,
				90075458199966B200AA6C74 /* iTunesArtwork@2x in Resources */,
				9007545C1999677B00AA6C74 /* Icon-Small@2x.png in Resources */,
				900754221999629400AA6C74 /* InfoPlist.strings in Resources */,
				9007542B1999629400AA6C74 /* Main.storyboard in Resources */,
				9007545B1999677B00AA6C74 /* Icon-40@2x.png in Resources */,
				908CF71C199B98A600B2CD54 /* routeList_flag_ua@2x.png in Resources */,
				900754511999656A00AA6C74 /* Default-568h@2x.png in Resources */,
				908CF728199BC5BE00B2CD54 /* Localizable.strings in Resources */,
				90A248541999B4FF0015D6BD /* Config.plist in Resources */,
				908CF740199C074300B2CD54 /* routeDetails_background@2x.png in Resources */,
				90075456199966B200AA6C74 /* Icon-60@2x.png in Resources */,
			);
			runOnlyForDeploymentPostprocessing = 0;
		};
		900754331999629400AA6C74 /* Resources */ = {
			isa = PBXResourcesBuildPhase;
			buildActionMask = 2147483647;
			files = (
				900754411999629400AA6C74 /* InfoPlist.strings in Resources */,
			);
			runOnlyForDeploymentPostprocessing = 0;
		};
/* End PBXResourcesBuildPhase section */

/* Begin PBXSourcesBuildPhase section */
		900754101999629400AA6C74 /* Sources */ = {
			isa = PBXSourcesBuildPhase;
			buildActionMask = 2147483647;
			files = (
				908CF705199B851200B2CD54 /* RGLanguage.m in Sources */,
				90A2487D1999B82E0015D6BD /* AFHTTPRequestOperation.m in Sources */,
				90A2488A1999B82E0015D6BD /* UIImageView+AFNetworking.m in Sources */,
				900754241999629400AA6C74 /* main.m in Sources */,
				90A2487E1999B82E0015D6BD /* AFHTTPRequestOperationManager.m in Sources */,
				90A2488B1999B82E0015D6BD /* UIProgressView+AFNetworking.m in Sources */,
				908CF73D199C04A300B2CD54 /* RGRouteDetailsViewController.m in Sources */,
				908CF739199BEDF600B2CD54 /* AFNetworkActivityLogger.m in Sources */,
				908CF735199BD66300B2CD54 /* RGButton.m in Sources */,
				908CF6FF199B670500B2CD54 /* RGSplashScreenViewController.m in Sources */,
				90A248971999C1160015D6BD /* RGConfiguration.m in Sources */,
				90A248801999B82E0015D6BD /* AFNetworkReachabilityManager.m in Sources */,
				908CF721199BAA7300B2CD54 /* RGRouteListCell.m in Sources */,
				90A248841999B82E0015D6BD /* AFURLResponseSerialization.m in Sources */,
				90A248821999B82E0015D6BD /* AFURLConnectionOperation.m in Sources */,
				908CF74A199C3E1400B2CD54 /* NSString+MD5.m in Sources */,
				908CF711199B958900B2CD54 /* StandardPaths.m in Sources */,
				90A248891999B82E0015D6BD /* UIButton+AFNetworking.m in Sources */,
				90A248871999B82E0015D6BD /* UIActivityIndicatorView+AFNetworking.m in Sources */,
				90A248811999B82E0015D6BD /* AFSecurityPolicy.m in Sources */,
				908CF709199B8B9600B2CD54 /* NSDictionary+Localized.m in Sources */,
				908CF725199BC25E00B2CD54 /* ColorUtils.m in Sources */,
				90A2488C1999B82E0015D6BD /* UIRefreshControl+AFNetworking.m in Sources */,
				90A2488D1999B82E0015D6BD /* UIWebView+AFNetworking.m in Sources */,
				90A2487F1999B82E0015D6BD /* AFHTTPSessionManager.m in Sources */,
				90A248881999B82E0015D6BD /* UIAlertView+AFNetworking.m in Sources */,
				908CF747199C3B4C00B2CD54 /* RGImageCache.m in Sources */,
				90A248911999B86B0015D6BD /* NSUserDefaults+GroundControl.m in Sources */,
				90A248831999B82E0015D6BD /* AFURLRequestSerialization.m in Sources */,
				908CF70D199B91F900B2CD54 /* RGRouteListViewController.m in Sources */,
				90A248861999B82E0015D6BD /* AFNetworkActivityIndicatorManager.m in Sources */,
				90A248851999B82E0015D6BD /* AFURLSessionManager.m in Sources */,
				900754281999629400AA6C74 /* RGAppDelegate.m in Sources */,
			);
			runOnlyForDeploymentPostprocessing = 0;
		};
		900754311999629400AA6C74 /* Sources */ = {
			isa = PBXSourcesBuildPhase;
			buildActionMask = 2147483647;
			files = (
				900754431999629400AA6C74 /* RoadGuideTests.m in Sources */,
			);
			runOnlyForDeploymentPostprocessing = 0;
		};
/* End PBXSourcesBuildPhase section */

/* Begin PBXTargetDependency section */
		9007543B1999629400AA6C74 /* PBXTargetDependency */ = {
			isa = PBXTargetDependency;
			target = 900754131999629400AA6C74 /* RoadGuide */;
			targetProxy = 9007543A1999629400AA6C74 /* PBXContainerItemProxy */;
		};
/* End PBXTargetDependency section */

/* Begin PBXVariantGroup section */
		900754201999629400AA6C74 /* InfoPlist.strings */ = {
			isa = PBXVariantGroup;
			children = (
				900754211999629400AA6C74 /* en */,
				908CF72B199BC5E200B2CD54 /* ru */,
				908CF731199BC5E900B2CD54 /* uk */,
			);
			name = InfoPlist.strings;
			path = Resources;
			sourceTree = "<group>";
		};
		900754291999629400AA6C74 /* Main.storyboard */ = {
			isa = PBXVariantGroup;
			children = (
				9007542A1999629400AA6C74 /* Base */,
			);
			name = Main.storyboard;
			path = Resources;
			sourceTree = "<group>";
		};
		9007543F1999629400AA6C74 /* InfoPlist.strings */ = {
			isa = PBXVariantGroup;
			children = (
				900754401999629400AA6C74 /* en */,
				908CF72E199BC5E200B2CD54 /* ru */,
				908CF732199BC5E900B2CD54 /* uk */,
			);
			name = InfoPlist.strings;
			sourceTree = "<group>";
		};
		908CF72A199BC5BE00B2CD54 /* Localizable.strings */ = {
			isa = PBXVariantGroup;
			children = (
				908CF729199BC5BE00B2CD54 /* en */,
				908CF72D199BC5E200B2CD54 /* ru */,
				908CF730199BC5E900B2CD54 /* uk */,
			);
			name = Localizable.strings;
			sourceTree = "<group>";
		};
/* End PBXVariantGroup section */

/* Begin XCBuildConfiguration section */
		900754441999629400AA6C74 /* Debug */ = {
			isa = XCBuildConfiguration;
			buildSettings = {
				ALWAYS_SEARCH_USER_PATHS = NO;
				CLANG_CXX_LANGUAGE_STANDARD = "gnu++0x";
				CLANG_CXX_LIBRARY = "libc++";
				CLANG_ENABLE_MODULES = YES;
				CLANG_ENABLE_OBJC_ARC = YES;
				CLANG_WARN_BOOL_CONVERSION = YES;
				CLANG_WARN_CONSTANT_CONVERSION = YES;
				CLANG_WARN_DIRECT_OBJC_ISA_USAGE = YES_ERROR;
				CLANG_WARN_EMPTY_BODY = YES;
				CLANG_WARN_ENUM_CONVERSION = YES;
				CLANG_WARN_INT_CONVERSION = YES;
				CLANG_WARN_OBJC_ROOT_CLASS = YES_ERROR;
				CLANG_WARN__DUPLICATE_METHOD_MATCH = YES;
				"CODE_SIGN_IDENTITY[sdk=iphoneos*]" = "iPhone Developer";
				COPY_PHASE_STRIP = NO;
				GCC_C_LANGUAGE_STANDARD = gnu99;
				GCC_DYNAMIC_NO_PIC = NO;
				GCC_OPTIMIZATION_LEVEL = 0;
				GCC_PREPROCESSOR_DEFINITIONS = (
					"DEBUG=1",
					"$(inherited)",
				);
				GCC_SYMBOLS_PRIVATE_EXTERN = NO;
				GCC_WARN_64_TO_32_BIT_CONVERSION = YES;
				GCC_WARN_ABOUT_RETURN_TYPE = YES_ERROR;
				GCC_WARN_UNDECLARED_SELECTOR = YES;
				GCC_WARN_UNINITIALIZED_AUTOS = YES_AGGRESSIVE;
				GCC_WARN_UNUSED_FUNCTION = YES;
				GCC_WARN_UNUSED_VARIABLE = YES;
				IPHONEOS_DEPLOYMENT_TARGET = 7.1;
				ONLY_ACTIVE_ARCH = YES;
				SDKROOT = iphoneos;
			};
			name = Debug;
		};
		900754451999629400AA6C74 /* Release */ = {
			isa = XCBuildConfiguration;
			buildSettings = {
				ALWAYS_SEARCH_USER_PATHS = NO;
				CLANG_CXX_LANGUAGE_STANDARD = "gnu++0x";
				CLANG_CXX_LIBRARY = "libc++";
				CLANG_ENABLE_MODULES = YES;
				CLANG_ENABLE_OBJC_ARC = YES;
				CLANG_WARN_BOOL_CONVERSION = YES;
				CLANG_WARN_CONSTANT_CONVERSION = YES;
				CLANG_WARN_DIRECT_OBJC_ISA_USAGE = YES_ERROR;
				CLANG_WARN_EMPTY_BODY = YES;
				CLANG_WARN_ENUM_CONVERSION = YES;
				CLANG_WARN_INT_CONVERSION = YES;
				CLANG_WARN_OBJC_ROOT_CLASS = YES_ERROR;
				CLANG_WARN__DUPLICATE_METHOD_MATCH = YES;
				"CODE_SIGN_IDENTITY[sdk=iphoneos*]" = "iPhone Developer";
				COPY_PHASE_STRIP = YES;
				ENABLE_NS_ASSERTIONS = NO;
				GCC_C_LANGUAGE_STANDARD = gnu99;
				GCC_WARN_64_TO_32_BIT_CONVERSION = YES;
				GCC_WARN_ABOUT_RETURN_TYPE = YES_ERROR;
				GCC_WARN_UNDECLARED_SELECTOR = YES;
				GCC_WARN_UNINITIALIZED_AUTOS = YES_AGGRESSIVE;
				GCC_WARN_UNUSED_FUNCTION = YES;
				GCC_WARN_UNUSED_VARIABLE = YES;
				IPHONEOS_DEPLOYMENT_TARGET = 7.1;
				SDKROOT = iphoneos;
				VALIDATE_PRODUCT = YES;
			};
			name = Release;
		};
		900754471999629400AA6C74 /* Debug */ = {
			isa = XCBuildConfiguration;
			buildSettings = {
				GCC_PRECOMPILE_PREFIX_HEADER = YES;
				GCC_PREFIX_HEADER = "RoadGuide/RoadGuide-Prefix.pch";
				INFOPLIST_FILE = "RoadGuide/RoadGuide-Info.plist";
				PRODUCT_NAME = "$(TARGET_NAME)";
				WRAPPER_EXTENSION = app;
			};
			name = Debug;
		};
		900754481999629400AA6C74 /* Release */ = {
			isa = XCBuildConfiguration;
			buildSettings = {
				GCC_PRECOMPILE_PREFIX_HEADER = YES;
				GCC_PREFIX_HEADER = "RoadGuide/RoadGuide-Prefix.pch";
				INFOPLIST_FILE = "RoadGuide/RoadGuide-Info.plist";
				PRODUCT_NAME = "$(TARGET_NAME)";
				PROVISIONING_PROFILE = "";
				WRAPPER_EXTENSION = app;
			};
			name = Release;
		};
		9007544A1999629400AA6C74 /* Debug */ = {
			isa = XCBuildConfiguration;
			buildSettings = {
				BUNDLE_LOADER = "$(BUILT_PRODUCTS_DIR)/RoadGuide.app/RoadGuide";
				FRAMEWORK_SEARCH_PATHS = (
					"$(SDKROOT)/Developer/Library/Frameworks",
					"$(inherited)",
					"$(DEVELOPER_FRAMEWORKS_DIR)",
				);
				GCC_PRECOMPILE_PREFIX_HEADER = YES;
				GCC_PREFIX_HEADER = "RoadGuide/RoadGuide-Prefix.pch";
				GCC_PREPROCESSOR_DEFINITIONS = (
					"DEBUG=1",
					"$(inherited)",
				);
				INFOPLIST_FILE = "RoadGuideTests/RoadGuideTests-Info.plist";
				PRODUCT_NAME = "$(TARGET_NAME)";
				TEST_HOST = "$(BUNDLE_LOADER)";
				WRAPPER_EXTENSION = xctest;
			};
			name = Debug;
		};
		9007544B1999629400AA6C74 /* Release */ = {
			isa = XCBuildConfiguration;
			buildSettings = {
				BUNDLE_LOADER = "$(BUILT_PRODUCTS_DIR)/RoadGuide.app/RoadGuide";
				FRAMEWORK_SEARCH_PATHS = (
					"$(SDKROOT)/Developer/Library/Frameworks",
					"$(inherited)",
					"$(DEVELOPER_FRAMEWORKS_DIR)",
				);
				GCC_PRECOMPILE_PREFIX_HEADER = YES;
				GCC_PREFIX_HEADER = "RoadGuide/RoadGuide-Prefix.pch";
				INFOPLIST_FILE = "RoadGuideTests/RoadGuideTests-Info.plist";
				PRODUCT_NAME = "$(TARGET_NAME)";
				TEST_HOST = "$(BUNDLE_LOADER)";
				WRAPPER_EXTENSION = xctest;
			};
			name = Release;
		};
/* End XCBuildConfiguration section */

/* Begin XCConfigurationList section */
		9007540F1999629400AA6C74 /* Build configuration list for PBXProject "RoadGuide" */ = {
			isa = XCConfigurationList;
			buildConfigurations = (
				900754441999629400AA6C74 /* Debug */,
				900754451999629400AA6C74 /* Release */,
			);
			defaultConfigurationIsVisible = 0;
			defaultConfigurationName = Release;
		};
		900754461999629400AA6C74 /* Build configuration list for PBXNativeTarget "RoadGuide" */ = {
			isa = XCConfigurationList;
			buildConfigurations = (
				900754471999629400AA6C74 /* Debug */,
				900754481999629400AA6C74 /* Release */,
			);
			defaultConfigurationIsVisible = 0;
			defaultConfigurationName = Release;
		};
		900754491999629400AA6C74 /* Build configuration list for PBXNativeTarget "RoadGuideTests" */ = {
			isa = XCConfigurationList;
			buildConfigurations = (
				9007544A1999629400AA6C74 /* Debug */,
				9007544B1999629400AA6C74 /* Release */,
			);
			defaultConfigurationIsVisible = 0;
			defaultConfigurationName = Release;
		};
/* End XCConfigurationList section */
	};
	rootObject = 9007540C1999629400AA6C74 /* Project object */;
}
